
Microsoft Visual Studio Solution File, Format Version 12.00
# Visual Studio Version 17
VisualStudioVersion = 17.0.31903.59
MinimumVisualStudioVersion = 10.0.40219.1
Project("{2150E333-8FDC-42A3-9474-1A3956D46DE8}") = "src", "src", "{15515FAA-C5EE-4F5B-B721-FE2D83B75E9C}"
EndProject
Project("{FAE04EC0-301F-11D3-BF4B-00C04F79EFBC}") = "ElectronCash.Api", "src\ElectronCash.Api\ElectronCash.Api.csproj", "{96F53D0C-C015-4382-8DB2-8996DFA95B77}"
EndProject
Project("{FAE04EC0-301F-11D3-BF4B-00C04F79EFBC}") = "ElectronCash.Client", "src\ElectronCash.Client\ElectronCash.Client.csproj", "{654C03AB-2773-4F06-91FD-A719A4CAE413}"
EndProject
Project("{FAE04EC0-301F-11D3-BF4B-00C04F79EFBC}") = "ElectronCash.Shared", "src\ElectronCash.Shared\ElectronCash.Shared.csproj", "{B877C541-D4BF-4089-BCCB-C35F71603236}"
EndProject
Global
	GlobalSection(SolutionConfigurationPlatforms) = preSolution
		Debug|Any CPU = Debug|Any CPU
		Release|Any CPU = Release|Any CPU
	EndGlobalSection
	GlobalSection(SolutionProperties) = preSolution
		HideSolutionNode = FALSE
	EndGlobalSection
	GlobalSection(ProjectConfigurationPlatforms) = postSolution
		{96F53D0C-C015-4382-8DB2-8996DFA95B77}.Debug|Any CPU.ActiveCfg = Debug|Any CPU
		{96F53D0C-C015-4382-8DB2-8996DFA95B77}.Debug|Any CPU.Build.0 = Debug|Any CPU
		{96F53D0C-C015-4382-8DB2-8996DFA95B77}.Release|Any CPU.ActiveCfg = Release|Any CPU
		{96F53D0C-C015-4382-8DB2-8996DFA95B77}.Release|Any CPU.Build.0 = Release|Any CPU
		{654C03AB-2773-4F06-91FD-A719A4CAE413}.Debug|Any CPU.ActiveCfg = Debug|Any CPU
		{654C03AB-2773-4F06-91FD-A719A4CAE413}.Debug|Any CPU.Build.0 = Debug|Any CPU
		{654C03AB-2773-4F06-91FD-A719A4CAE413}.Release|Any CPU.ActiveCfg = Release|Any CPU
		{654C03AB-2773-4F06-91FD-A719A4CAE413}.Release|Any CPU.Build.0 = Release|Any CPU
		{B877C541-D4BF-4089-BCCB-C35F71603236}.Debug|Any CPU.ActiveCfg = Debug|Any CPU
		{B877C541-D4BF-4089-BCCB-C35F71603236}.Debug|Any CPU.Build.0 = Debug|Any CPU
		{B877C541-D4BF-4089-BCCB-C35F71603236}.Release|Any CPU.ActiveCfg = Release|Any CPU
		{B877C541-D4BF-4089-BCCB-C35F71603236}.Release|Any CPU.Build.0 = Release|Any CPU
	EndGlobalSection
	GlobalSection(NestedProjects) = preSolution
		{96F53D0C-C015-4382-8DB2-8996DFA95B77} = {15515FAA-C5EE-4F5B-B721-FE2D83B75E9C}
		{654C03AB-2773-4F06-91FD-A719A4CAE413} = {15515FAA-C5EE-4F5B-B721-FE2D83B75E9C}
		{B877C541-D4BF-4089-BCCB-C35F71603236} = {15515FAA-C5EE-4F5B-B721-FE2D83B75E9C}
	EndGlobalSection
EndGlobal
